
Microsoft Visual Studio Solution File, Format Version 12.00
# Visual Studio Version 17
VisualStudioVersion = 17.12.35527.113
MinimumVisualStudioVersion = 10.0.40219.1
Project("{FAE04EC0-301F-11D3-BF4B-00C04F79EFBC}") = "Motos", "Motos\Motos.csproj", "{632A8238-FE7C-42DE-A515-E43587031BDF}"
EndProject
Project("{FAE04EC0-301F-11D3-BF4B-00C04F79EFBC}") = "MotosxUnitTeste", "MotosxUnitTeste\MotosxUnitTeste.csproj", "{7404BDC3-725E-4DE8-9FB7-6801B8E2404B}"
EndProject
Global
	GlobalSection(SolutionConfigurationPlatforms) = preSolution
		Debug|Any CPU = Debug|Any CPU
		Release|Any CPU = Release|Any CPU
	EndGlobalSection
	GlobalSection(ProjectConfigurationPlatforms) = postSolution
		{632A8238-FE7C-42DE-A515-E43587031BDF}.Debug|Any CPU.ActiveCfg = Debug|Any CPU
		{632A8238-FE7C-42DE-A515-E43587031BDF}.Debug|Any CPU.Build.0 = Debug|Any CPU
		{632A8238-FE7C-42DE-A515-E43587031BDF}.Release|Any CPU.ActiveCfg = Release|Any CPU
		{632A8238-FE7C-42DE-A515-E43587031BDF}.Release|Any CPU.Build.0 = Release|Any CPU
		{7404BDC3-725E-4DE8-9FB7-6801B8E2404B}.Debug|Any CPU.ActiveCfg = Debug|Any CPU
		{7404BDC3-725E-4DE8-9FB7-6801B8E2404B}.Debug|Any CPU.Build.0 = Debug|Any CPU
		{7404BDC3-725E-4DE8-9FB7-6801B8E2404B}.Release|Any CPU.ActiveCfg = Release|Any CPU
		{7404BDC3-725E-4DE8-9FB7-6801B8E2404B}.Release|Any CPU.Build.0 = Release|Any CPU
	EndGlobalSection
	GlobalSection(SolutionProperties) = preSolution
		HideSolutionNode = FALSE
	EndGlobalSection
	GlobalSection(ExtensibilityGlobals) = postSolution
		SolutionGuid = {B441B674-494B-44B4-9190-30B4A15DC6B1}
	EndGlobalSection
EndGlobal
